
Microsoft Visual Studio Solution File, Format Version 12.00
# Visual Studio Version 17
VisualStudioVersion = 17.14.36623.8 d17.14
MinimumVisualStudioVersion = 10.0.40219.1
Project("{FAE04EC0-301F-11D3-BF4B-00C04F79EFBC}") = "AuthApp", "AuthApp.csproj", "{88CC876C-815A-4947-BCF7-05D7A8129030}"
EndProject
Project("{FAE04EC0-301F-11D3-BF4B-00C04F79EFBC}") = "AuthLicensingApi", "..\AuthLicensingApi\AuthLicensingApi.csproj", "{3D946DD0-84BF-4689-BD63-3733175C1DB3}"
EndProject
Global
	GlobalSection(SolutionConfigurationPlatforms) = preSolution
		Debug|Any CPU = Debug|Any CPU
		Release|Any CPU = Release|Any CPU
	EndGlobalSection
	GlobalSection(ProjectConfigurationPlatforms) = postSolution
		{88CC876C-815A-4947-BCF7-05D7A8129030}.Debug|Any CPU.ActiveCfg = Debug|Any CPU
		{88CC876C-815A-4947-BCF7-05D7A8129030}.Debug|Any CPU.Build.0 = Debug|Any CPU
		{88CC876C-815A-4947-BCF7-05D7A8129030}.Release|Any CPU.ActiveCfg = Release|Any CPU
		{88CC876C-815A-4947-BCF7-05D7A8129030}.Release|Any CPU.Build.0 = Release|Any CPU
		{3D946DD0-84BF-4689-BD63-3733175C1DB3}.Debug|Any CPU.ActiveCfg = Debug|Any CPU
		{3D946DD0-84BF-4689-BD63-3733175C1DB3}.Debug|Any CPU.Build.0 = Debug|Any CPU
		{3D946DD0-84BF-4689-BD63-3733175C1DB3}.Release|Any CPU.ActiveCfg = Release|Any CPU
		{3D946DD0-84BF-4689-BD63-3733175C1DB3}.Release|Any CPU.Build.0 = Release|Any CPU
	EndGlobalSection
	GlobalSection(SolutionProperties) = preSolution
		HideSolutionNode = FALSE
	EndGlobalSection
	GlobalSection(ExtensibilityGlobals) = postSolution
		SolutionGuid = {29F11EA5-7388-4240-95C1-B525FF2CC5F3}
	EndGlobalSection
EndGlobal
